// !$*UTF8*$!
{
	archiveVersion = 1;
	classes = {
	};
	objectVersion = 50;
	objects = {

/* Begin PBXBuildFile section */
		11EF902514DCA8BA522C0B81 /* Pods_MarketWatchUITests.framework in Frameworks */ = {isa = PBXBuildFile; fileRef = 5E7E156D6CF3E862500A22B0 /* Pods_MarketWatchUITests.framework */; };
		1AA9C37AADE8520BE760239A /* Pods_MarketWatch.framework in Frameworks */ = {isa = PBXBuildFile; fileRef = 04CE54C64190BFBF6E32C453 /* Pods_MarketWatch.framework */; };
		BA1DE86F220ADA7700E3ECB3 /* Orders+CoreDataClass.swift in Sources */ = {isa = PBXBuildFile; fileRef = BA1DE86D220ADA7700E3ECB3 /* Orders+CoreDataClass.swift */; };
		BA1DE870220ADA7700E3ECB3 /* Orders+CoreDataProperties.swift in Sources */ = {isa = PBXBuildFile; fileRef = BA1DE86E220ADA7700E3ECB3 /* Orders+CoreDataProperties.swift */; };
		BA1DE87C220ADC5700E3ECB3 /* OpenSans-Bold.ttf in Resources */ = {isa = PBXBuildFile; fileRef = BA1DE87A220ADB7E00E3ECB3 /* OpenSans-Bold.ttf */; };
		BA1DE87D220ADC5A00E3ECB3 /* OpenSans-Light.ttf in Resources */ = {isa = PBXBuildFile; fileRef = BA1DE87B220ADB7E00E3ECB3 /* OpenSans-Light.ttf */; };
		BA1DE87E220ADC5C00E3ECB3 /* OpenSans-Semibold.ttf in Resources */ = {isa = PBXBuildFile; fileRef = BA1DE879220ADB7E00E3ECB3 /* OpenSans-Semibold.ttf */; };
		BA69351C220AB874009C0F4B /* ProfileViewController.swift in Sources */ = {isa = PBXBuildFile; fileRef = BA69351B220AB874009C0F4B /* ProfileViewController.swift */; };
		BA69351E220ABF3C009C0F4B /* OrdersViewController.swift in Sources */ = {isa = PBXBuildFile; fileRef = BA69351D220ABF3C009C0F4B /* OrdersViewController.swift */; };
		BA693520220AD1C4009C0F4B /* OrderTableViewCell.swift in Sources */ = {isa = PBXBuildFile; fileRef = BA69351F220AD1C4009C0F4B /* OrderTableViewCell.swift */; };
		BA9B017A220AA229003FAE57 /* AppDelegate.swift in Sources */ = {isa = PBXBuildFile; fileRef = BA9B0179220AA229003FAE57 /* AppDelegate.swift */; };
		BA9B017C220AA229003FAE57 /* LoginViewController.swift in Sources */ = {isa = PBXBuildFile; fileRef = BA9B017B220AA229003FAE57 /* LoginViewController.swift */; };
		BA9B017F220AA229003FAE57 /* Main.storyboard in Resources */ = {isa = PBXBuildFile; fileRef = BA9B017D220AA229003FAE57 /* Main.storyboard */; };
		BA9B0182220AA229003FAE57 /* MarketWatch.xcdatamodeld in Sources */ = {isa = PBXBuildFile; fileRef = BA9B0180220AA229003FAE57 /* MarketWatch.xcdatamodeld */; };
		BA9B0184220AA22B003FAE57 /* Assets.xcassets in Resources */ = {isa = PBXBuildFile; fileRef = BA9B0183220AA22B003FAE57 /* Assets.xcassets */; };
		BA9B0187220AA22B003FAE57 /* LaunchScreen.storyboard in Resources */ = {isa = PBXBuildFile; fileRef = BA9B0185220AA22B003FAE57 /* LaunchScreen.storyboard */; };
		BA9B0192220AA22C003FAE57 /* MarketWatchTests.swift in Sources */ = {isa = PBXBuildFile; fileRef = BA9B0191220AA22C003FAE57 /* MarketWatchTests.swift */; };
		BA9B019D220AA22C003FAE57 /* MarketWatchUITests.swift in Sources */ = {isa = PBXBuildFile; fileRef = BA9B019C220AA22C003FAE57 /* MarketWatchUITests.swift */; };
		BA9B01AC220AA2BF003FAE57 /* Utilites.swift in Sources */ = {isa = PBXBuildFile; fileRef = BA9B01AB220AA2BF003FAE57 /* Utilites.swift */; };
		BA9B01B1220AA2FB003FAE57 /* ConstantClass.swift in Sources */ = {isa = PBXBuildFile; fileRef = BA9B01B0220AA2FB003FAE57 /* ConstantClass.swift */; };
		BA9B01B3220AB314003FAE57 /* MarketWatchViewController.swift in Sources */ = {isa = PBXBuildFile; fileRef = BA9B01B2220AB314003FAE57 /* MarketWatchViewController.swift */; };
		BA9B01BE220B0434003FAE57 /* marketwatch.json in Resources */ = {isa = PBXBuildFile; fileRef = BA9B01BD220B0434003FAE57 /* marketwatch.json */; };
		BA9B01C0220B044F003FAE57 /* StockListTableVwCell.swift in Sources */ = {isa = PBXBuildFile; fileRef = BA9B01BF220B044F003FAE57 /* StockListTableVwCell.swift */; };
		C61F6560F4E3C280F1B8F630 /* Pods_MarketWatchTests.framework in Frameworks */ = {isa = PBXBuildFile; fileRef = 519C0479376C73E1E287AA7B /* Pods_MarketWatchTests.framework */; };
/* End PBXBuildFile section */

/* Begin PBXContainerItemProxy section */
		BA9B018E220AA22C003FAE57 /* PBXContainerItemProxy */ = {
			isa = PBXContainerItemProxy;
			containerPortal = BA9B016E220AA229003FAE57 /* Project object */;
			proxyType = 1;
			remoteGlobalIDString = BA9B0175220AA229003FAE57;
			remoteInfo = MarketWatch;
		};
		BA9B0199220AA22C003FAE57 /* PBXContainerItemProxy */ = {
			isa = PBXContainerItemProxy;
			containerPortal = BA9B016E220AA229003FAE57 /* Project object */;
			proxyType = 1;
			remoteGlobalIDString = BA9B0175220AA229003FAE57;
			remoteInfo = MarketWatch;
		};
/* End PBXContainerItemProxy section */

/* Begin PBXFileReference section */
		04CE54C64190BFBF6E32C453 /* Pods_MarketWatch.framework */ = {isa = PBXFileReference; explicitFileType = wrapper.framework; includeInIndex = 0; path = Pods_MarketWatch.framework; sourceTree = BUILT_PRODUCTS_DIR; };
		13AFEF34627E868D5D1D8604 /* Pods-MarketWatchTests.release.xcconfig */ = {isa = PBXFileReference; includeInIndex = 1; lastKnownFileType = text.xcconfig; name = "Pods-MarketWatchTests.release.xcconfig"; path = "Pods/Target Support Files/Pods-MarketWatchTests/Pods-MarketWatchTests.release.xcconfig"; sourceTree = "<group>"; };
		24E3F68D0E7ABBABB667B1C5 /* Pods-MarketWatchUITests.debug.xcconfig */ = {isa = PBXFileReference; includeInIndex = 1; lastKnownFileType = text.xcconfig; name = "Pods-MarketWatchUITests.debug.xcconfig"; path = "Pods/Target Support Files/Pods-MarketWatchUITests/Pods-MarketWatchUITests.debug.xcconfig"; sourceTree = "<group>"; };
		35A4E7AA7681B5357721643A /* Pods-MarketWatchTests.debug.xcconfig */ = {isa = PBXFileReference; includeInIndex = 1; lastKnownFileType = text.xcconfig; name = "Pods-MarketWatchTests.debug.xcconfig"; path = "Pods/Target Support Files/Pods-MarketWatchTests/Pods-MarketWatchTests.debug.xcconfig"; sourceTree = "<group>"; };
		40FE92ED586E9605F35C4CD5 /* Pods-MarketWatch.debug.xcconfig */ = {isa = PBXFileReference; includeInIndex = 1; lastKnownFileType = text.xcconfig; name = "Pods-MarketWatch.debug.xcconfig"; path = "Pods/Target Support Files/Pods-MarketWatch/Pods-MarketWatch.debug.xcconfig"; sourceTree = "<group>"; };
		426453E87FFDA7AF2C92557D /* Pods-MarketWatch.release.xcconfig */ = {isa = PBXFileReference; includeInIndex = 1; lastKnownFileType = text.xcconfig; name = "Pods-MarketWatch.release.xcconfig"; path = "Pods/Target Support Files/Pods-MarketWatch/Pods-MarketWatch.release.xcconfig"; sourceTree = "<group>"; };
		519C0479376C73E1E287AA7B /* Pods_MarketWatchTests.framework */ = {isa = PBXFileReference; explicitFileType = wrapper.framework; includeInIndex = 0; path = Pods_MarketWatchTests.framework; sourceTree = BUILT_PRODUCTS_DIR; };
		5E7E156D6CF3E862500A22B0 /* Pods_MarketWatchUITests.framework */ = {isa = PBXFileReference; explicitFileType = wrapper.framework; includeInIndex = 0; path = Pods_MarketWatchUITests.framework; sourceTree = BUILT_PRODUCTS_DIR; };
		6537CB14FB6F712BE764C141 /* Pods-MarketWatchUITests.release.xcconfig */ = {isa = PBXFileReference; includeInIndex = 1; lastKnownFileType = text.xcconfig; name = "Pods-MarketWatchUITests.release.xcconfig"; path = "Pods/Target Support Files/Pods-MarketWatchUITests/Pods-MarketWatchUITests.release.xcconfig"; sourceTree = "<group>"; };
		BA1DE86D220ADA7700E3ECB3 /* Orders+CoreDataClass.swift */ = {isa = PBXFileReference; lastKnownFileType = sourcecode.swift; path = "Orders+CoreDataClass.swift"; sourceTree = "<group>"; };
		BA1DE86E220ADA7700E3ECB3 /* Orders+CoreDataProperties.swift */ = {isa = PBXFileReference; lastKnownFileType = sourcecode.swift; path = "Orders+CoreDataProperties.swift"; sourceTree = "<group>"; };
		BA1DE879220ADB7E00E3ECB3 /* OpenSans-Semibold.ttf */ = {isa = PBXFileReference; lastKnownFileType = file; path = "OpenSans-Semibold.ttf"; sourceTree = "<group>"; };
		BA1DE87A220ADB7E00E3ECB3 /* OpenSans-Bold.ttf */ = {isa = PBXFileReference; lastKnownFileType = file; path = "OpenSans-Bold.ttf"; sourceTree = "<group>"; };
		BA1DE87B220ADB7E00E3ECB3 /* OpenSans-Light.ttf */ = {isa = PBXFileReference; lastKnownFileType = file; path = "OpenSans-Light.ttf"; sourceTree = "<group>"; };
		BA69351B220AB874009C0F4B /* ProfileViewController.swift */ = {isa = PBXFileReference; lastKnownFileType = sourcecode.swift; path = ProfileViewController.swift; sourceTree = "<group>"; };
		BA69351D220ABF3C009C0F4B /* OrdersViewController.swift */ = {isa = PBXFileReference; lastKnownFileType = sourcecode.swift; path = OrdersViewController.swift; sourceTree = "<group>"; };
		BA69351F220AD1C4009C0F4B /* OrderTableViewCell.swift */ = {isa = PBXFileReference; lastKnownFileType = sourcecode.swift; path = OrderTableViewCell.swift; sourceTree = "<group>"; };
		BA9B0176220AA229003FAE57 /* MarketWatch.app */ = {isa = PBXFileReference; explicitFileType = wrapper.application; includeInIndex = 0; path = MarketWatch.app; sourceTree = BUILT_PRODUCTS_DIR; };
		BA9B0179220AA229003FAE57 /* AppDelegate.swift */ = {isa = PBXFileReference; lastKnownFileType = sourcecode.swift; path = AppDelegate.swift; sourceTree = "<group>"; };
		BA9B017B220AA229003FAE57 /* LoginViewController.swift */ = {isa = PBXFileReference; lastKnownFileType = sourcecode.swift; path = LoginViewController.swift; sourceTree = "<group>"; };
		BA9B017E220AA229003FAE57 /* Base */ = {isa = PBXFileReference; lastKnownFileType = file.storyboard; name = Base; path = Base.lproj/Main.storyboard; sourceTree = "<group>"; };
		BA9B0181220AA229003FAE57 /* MarketWatch.xcdatamodel */ = {isa = PBXFileReference; lastKnownFileType = wrapper.xcdatamodel; path = MarketWatch.xcdatamodel; sourceTree = "<group>"; };
		BA9B0183220AA22B003FAE57 /* Assets.xcassets */ = {isa = PBXFileReference; lastKnownFileType = folder.assetcatalog; path = Assets.xcassets; sourceTree = "<group>"; };
		BA9B0186220AA22B003FAE57 /* Base */ = {isa = PBXFileReference; lastKnownFileType = file.storyboard; name = Base; path = Base.lproj/LaunchScreen.storyboard; sourceTree = "<group>"; };
		BA9B0188220AA22B003FAE57 /* Info.plist */ = {isa = PBXFileReference; lastKnownFileType = text.plist.xml; path = Info.plist; sourceTree = "<group>"; };
		BA9B018D220AA22C003FAE57 /* MarketWatchTests.xctest */ = {isa = PBXFileReference; explicitFileType = wrapper.cfbundle; includeInIndex = 0; path = MarketWatchTests.xctest; sourceTree = BUILT_PRODUCTS_DIR; };
		BA9B0191220AA22C003FAE57 /* MarketWatchTests.swift */ = {isa = PBXFileReference; lastKnownFileType = sourcecode.swift; path = MarketWatchTests.swift; sourceTree = "<group>"; };
		BA9B0193220AA22C003FAE57 /* Info.plist */ = {isa = PBXFileReference; lastKnownFileType = text.plist.xml; path = Info.plist; sourceTree = "<group>"; };
		BA9B0198220AA22C003FAE57 /* MarketWatchUITests.xctest */ = {isa = PBXFileReference; explicitFileType = wrapper.cfbundle; includeInIndex = 0; path = MarketWatchUITests.xctest; sourceTree = BUILT_PRODUCTS_DIR; };
		BA9B019C220AA22C003FAE57 /* MarketWatchUITests.swift */ = {isa = PBXFileReference; lastKnownFileType = sourcecode.swift; path = MarketWatchUITests.swift; sourceTree = "<group>"; };
		BA9B019E220AA22C003FAE57 /* Info.plist */ = {isa = PBXFileReference; lastKnownFileType = text.plist.xml; path = Info.plist; sourceTree = "<group>"; };
		BA9B01AB220AA2BF003FAE57 /* Utilites.swift */ = {isa = PBXFileReference; fileEncoding = 4; lastKnownFileType = sourcecode.swift; path = Utilites.swift; sourceTree = "<group>"; };
		BA9B01B0220AA2FB003FAE57 /* ConstantClass.swift */ = {isa = PBXFileReference; fileEncoding = 4; lastKnownFileType = sourcecode.swift; path = ConstantClass.swift; sourceTree = "<group>"; };
		BA9B01B2220AB314003FAE57 /* MarketWatchViewController.swift */ = {isa = PBXFileReference; lastKnownFileType = sourcecode.swift; path = MarketWatchViewController.swift; sourceTree = "<group>"; };
		BA9B01BD220B0434003FAE57 /* marketwatch.json */ = {isa = PBXFileReference; fileEncoding = 4; lastKnownFileType = text.json; path = marketwatch.json; sourceTree = "<group>"; };
		BA9B01BF220B044F003FAE57 /* StockListTableVwCell.swift */ = {isa = PBXFileReference; fileEncoding = 4; lastKnownFileType = sourcecode.swift; path = StockListTableVwCell.swift; sourceTree = "<group>"; };
/* End PBXFileReference section */

/* Begin PBXFrameworksBuildPhase section */
		BA9B0173220AA229003FAE57 /* Frameworks */ = {
			isa = PBXFrameworksBuildPhase;
			buildActionMask = 2147483647;
			files = (
				1AA9C37AADE8520BE760239A /* Pods_MarketWatch.framework in Frameworks */,
			);
			runOnlyForDeploymentPostprocessing = 0;
		};
		BA9B018A220AA22C003FAE57 /* Frameworks */ = {
			isa = PBXFrameworksBuildPhase;
			buildActionMask = 2147483647;
			files = (
				C61F6560F4E3C280F1B8F630 /* Pods_MarketWatchTests.framework in Frameworks */,
			);
			runOnlyForDeploymentPostprocessing = 0;
		};
		BA9B0195220AA22C003FAE57 /* Frameworks */ = {
			isa = PBXFrameworksBuildPhase;
			buildActionMask = 2147483647;
			files = (
				11EF902514DCA8BA522C0B81 /* Pods_MarketWatchUITests.framework in Frameworks */,
			);
			runOnlyForDeploymentPostprocessing = 0;
		};
/* End PBXFrameworksBuildPhase section */

/* Begin PBXGroup section */
		96D95690E2F1E68B71BCB9DE /* Frameworks */ = {
			isa = PBXGroup;
			children = (
				04CE54C64190BFBF6E32C453 /* Pods_MarketWatch.framework */,
				519C0479376C73E1E287AA7B /* Pods_MarketWatchTests.framework */,
				5E7E156D6CF3E862500A22B0 /* Pods_MarketWatchUITests.framework */,
			);
			name = Frameworks;
			sourceTree = "<group>";
		};
		BA1DE871220ADA8700E3ECB3 /* CoredataModels */ = {
			isa = PBXGroup;
			children = (
				BA1DE86D220ADA7700E3ECB3 /* Orders+CoreDataClass.swift */,
				BA1DE86E220ADA7700E3ECB3 /* Orders+CoreDataProperties.swift */,
			);
			path = CoredataModels;
			sourceTree = "<group>";
		};
		BA1DE872220ADAA100E3ECB3 /* ViewControllers */ = {
			isa = PBXGroup;
			children = (
				BA1DE876220ADB0000E3ECB3 /* Login */,
				BA1DE875220ADAE700E3ECB3 /* Profiles */,
				BA1DE874220ADAC800E3ECB3 /* Orders */,
				BA1DE873220ADAB500E3ECB3 /* Dashboard */,
			);
			path = ViewControllers;
			sourceTree = "<group>";
		};
		BA1DE873220ADAB500E3ECB3 /* Dashboard */ = {
			isa = PBXGroup;
			children = (
				BA9B01BF220B044F003FAE57 /* StockListTableVwCell.swift */,
				BA9B01B2220AB314003FAE57 /* MarketWatchViewController.swift */,
			);
			path = Dashboard;
			sourceTree = "<group>";
		};
		BA1DE874220ADAC800E3ECB3 /* Orders */ = {
			isa = PBXGroup;
			children = (
				BA69351D220ABF3C009C0F4B /* OrdersViewController.swift */,
				BA69351F220AD1C4009C0F4B /* OrderTableViewCell.swift */,
			);
			path = Orders;
			sourceTree = "<group>";
		};
		BA1DE875220ADAE700E3ECB3 /* Profiles */ = {
			isa = PBXGroup;
			children = (
				BA69351B220AB874009C0F4B /* ProfileViewController.swift */,
			);
			path = Profiles;
			sourceTree = "<group>";
		};
		BA1DE876220ADB0000E3ECB3 /* Login */ = {
			isa = PBXGroup;
			children = (
				BA9B017B220AA229003FAE57 /* LoginViewController.swift */,
			);
			path = Login;
			sourceTree = "<group>";
		};
		BA1DE877220ADB2700E3ECB3 /* Resources */ = {
			isa = PBXGroup;
			children = (
				BA1DE878220ADB2F00E3ECB3 /* Fonts */,
			);
			path = Resources;
			sourceTree = "<group>";
		};
		BA1DE878220ADB2F00E3ECB3 /* Fonts */ = {
			isa = PBXGroup;
			children = (
				BA1DE87A220ADB7E00E3ECB3 /* OpenSans-Bold.ttf */,
				BA1DE87B220ADB7E00E3ECB3 /* OpenSans-Light.ttf */,
				BA1DE879220ADB7E00E3ECB3 /* OpenSans-Semibold.ttf */,
			);
			path = Fonts;
			sourceTree = "<group>";
		};
		BA9B016D220AA229003FAE57 = {
			isa = PBXGroup;
			children = (
				BA9B0178220AA229003FAE57 /* MarketWatch */,
				BA9B0190220AA22C003FAE57 /* MarketWatchTests */,
				BA9B019B220AA22C003FAE57 /* MarketWatchUITests */,
				BA9B0177220AA229003FAE57 /* Products */,
				DB24B7560DF99822A385C598 /* Pods */,
				96D95690E2F1E68B71BCB9DE /* Frameworks */,
			);
			sourceTree = "<group>";
		};
		BA9B0177220AA229003FAE57 /* Products */ = {
			isa = PBXGroup;
			children = (
				BA9B0176220AA229003FAE57 /* MarketWatch.app */,
				BA9B018D220AA22C003FAE57 /* MarketWatchTests.xctest */,
				BA9B0198220AA22C003FAE57 /* MarketWatchUITests.xctest */,
			);
			name = Products;
			sourceTree = "<group>";
		};
		BA9B0178220AA229003FAE57 /* MarketWatch */ = {
			isa = PBXGroup;
			children = (
				BA1DE877220ADB2700E3ECB3 /* Resources */,
				BA1DE872220ADAA100E3ECB3 /* ViewControllers */,
				BA1DE871220ADA8700E3ECB3 /* CoredataModels */,
				BA9B0179220AA229003FAE57 /* AppDelegate.swift */,
				BA9B017D220AA229003FAE57 /* Main.storyboard */,
				BA9B0183220AA22B003FAE57 /* Assets.xcassets */,
				BA9B0185220AA22B003FAE57 /* LaunchScreen.storyboard */,
				BA9B0188220AA22B003FAE57 /* Info.plist */,
				BA9B01BC220B0416003FAE57 /* DataJson */,
				BA9B01AF220AA2ED003FAE57 /* Constant */,
				BA9B01AA220AA29B003FAE57 /* Utilites */,
				BA9B0180220AA229003FAE57 /* MarketWatch.xcdatamodeld */,
			);
			path = MarketWatch;
			sourceTree = "<group>";
		};
		BA9B0190220AA22C003FAE57 /* MarketWatchTests */ = {
			isa = PBXGroup;
			children = (
				BA9B0191220AA22C003FAE57 /* MarketWatchTests.swift */,
				BA9B0193220AA22C003FAE57 /* Info.plist */,
			);
			path = MarketWatchTests;
			sourceTree = "<group>";
		};
		BA9B019B220AA22C003FAE57 /* MarketWatchUITests */ = {
			isa = PBXGroup;
			children = (
				BA9B019C220AA22C003FAE57 /* MarketWatchUITests.swift */,
				BA9B019E220AA22C003FAE57 /* Info.plist */,
			);
			path = MarketWatchUITests;
			sourceTree = "<group>";
		};
		BA9B01AA220AA29B003FAE57 /* Utilites */ = {
			isa = PBXGroup;
			children = (
				BA9B01AB220AA2BF003FAE57 /* Utilites.swift */,
			);
			path = Utilites;
			sourceTree = "<group>";
		};
		BA9B01AF220AA2ED003FAE57 /* Constant */ = {
			isa = PBXGroup;
			children = (
				BA9B01B0220AA2FB003FAE57 /* ConstantClass.swift */,
			);
			path = Constant;
			sourceTree = "<group>";
		};
		BA9B01BC220B0416003FAE57 /* DataJson */ = {
			isa = PBXGroup;
			children = (
				BA9B01BD220B0434003FAE57 /* marketwatch.json */,
			);
			path = DataJson;
			sourceTree = "<group>";
		};
		DB24B7560DF99822A385C598 /* Pods */ = {
			isa = PBXGroup;
			children = (
				40FE92ED586E9605F35C4CD5 /* Pods-MarketWatch.debug.xcconfig */,
				426453E87FFDA7AF2C92557D /* Pods-MarketWatch.release.xcconfig */,
				35A4E7AA7681B5357721643A /* Pods-MarketWatchTests.debug.xcconfig */,
				13AFEF34627E868D5D1D8604 /* Pods-MarketWatchTests.release.xcconfig */,
				24E3F68D0E7ABBABB667B1C5 /* Pods-MarketWatchUITests.debug.xcconfig */,
				6537CB14FB6F712BE764C141 /* Pods-MarketWatchUITests.release.xcconfig */,
			);
			name = Pods;
			sourceTree = "<group>";
		};
/* End PBXGroup section */

/* Begin PBXNativeTarget section */
		BA9B0175220AA229003FAE57 /* MarketWatch */ = {
			isa = PBXNativeTarget;
			buildConfigurationList = BA9B01A1220AA22C003FAE57 /* Build configuration list for PBXNativeTarget "MarketWatch" */;
			buildPhases = (
				60A481A11A54D5BB27D25A1C /* [CP] Check Pods Manifest.lock */,
				BA9B0172220AA229003FAE57 /* Sources */,
				BA9B0173220AA229003FAE57 /* Frameworks */,
				BA9B0174220AA229003FAE57 /* Resources */,
				03BFF3CA68A843B3A1E08EAA /* [CP] Embed Pods Frameworks */,
			);
			buildRules = (
			);
			dependencies = (
			);
			name = MarketWatch;
			productName = MarketWatch;
			productReference = BA9B0176220AA229003FAE57 /* MarketWatch.app */;
			productType = "com.apple.product-type.application";
		};
		BA9B018C220AA22C003FAE57 /* MarketWatchTests */ = {
			isa = PBXNativeTarget;
			buildConfigurationList = BA9B01A4220AA22C003FAE57 /* Build configuration list for PBXNativeTarget "MarketWatchTests" */;
			buildPhases = (
				60E303F8166D6FE1CD858D9F /* [CP] Check Pods Manifest.lock */,
				BA9B0189220AA22C003FAE57 /* Sources */,
				BA9B018A220AA22C003FAE57 /* Frameworks */,
				BA9B018B220AA22C003FAE57 /* Resources */,
			);
			buildRules = (
			);
			dependencies = (
				BA9B018F220AA22C003FAE57 /* PBXTargetDependency */,
			);
			name = MarketWatchTests;
			productName = MarketWatchTests;
			productReference = BA9B018D220AA22C003FAE57 /* MarketWatchTests.xctest */;
			productType = "com.apple.product-type.bundle.unit-test";
		};
		BA9B0197220AA22C003FAE57 /* MarketWatchUITests */ = {
			isa = PBXNativeTarget;
			buildConfigurationList = BA9B01A7220AA22C003FAE57 /* Build configuration list for PBXNativeTarget "MarketWatchUITests" */;
			buildPhases = (
				ECA36B97849944EBBF0D75B9 /* [CP] Check Pods Manifest.lock */,
				BA9B0194220AA22C003FAE57 /* Sources */,
				BA9B0195220AA22C003FAE57 /* Frameworks */,
				BA9B0196220AA22C003FAE57 /* Resources */,
			);
			buildRules = (
			);
			dependencies = (
				BA9B019A220AA22C003FAE57 /* PBXTargetDependency */,
			);
			name = MarketWatchUITests;
			productName = MarketWatchUITests;
			productReference = BA9B0198220AA22C003FAE57 /* MarketWatchUITests.xctest */;
			productType = "com.apple.product-type.bundle.ui-testing";
		};
/* End PBXNativeTarget section */

/* Begin PBXProject section */
		BA9B016E220AA229003FAE57 /* Project object */ = {
			isa = PBXProject;
			attributes = {
				LastSwiftUpdateCheck = 1010;
				LastUpgradeCheck = 1010;
				ORGANIZATIONNAME = NUNC;
				TargetAttributes = {
					BA9B0175220AA229003FAE57 = {
						CreatedOnToolsVersion = 10.1;
					};
					BA9B018C220AA22C003FAE57 = {
						CreatedOnToolsVersion = 10.1;
						TestTargetID = BA9B0175220AA229003FAE57;
					};
					BA9B0197220AA22C003FAE57 = {
						CreatedOnToolsVersion = 10.1;
						TestTargetID = BA9B0175220AA229003FAE57;
					};
				};
			};
			buildConfigurationList = BA9B0171220AA229003FAE57 /* Build configuration list for PBXProject "MarketWatch" */;
			compatibilityVersion = "Xcode 9.3";
			developmentRegion = en;
			hasScannedForEncodings = 0;
			knownRegions = (
				en,
				Base,
			);
			mainGroup = BA9B016D220AA229003FAE57;
			productRefGroup = BA9B0177220AA229003FAE57 /* Products */;
			projectDirPath = "";
			projectRoot = "";
			targets = (
				BA9B0175220AA229003FAE57 /* MarketWatch */,
				BA9B018C220AA22C003FAE57 /* MarketWatchTests */,
				BA9B0197220AA22C003FAE57 /* MarketWatchUITests */,
			);
		};
/* End PBXProject section */

/* Begin PBXResourcesBuildPhase section */
		BA9B0174220AA229003FAE57 /* Resources */ = {
			isa = PBXResourcesBuildPhase;
			buildActionMask = 2147483647;
			files = (
				BA9B01BE220B0434003FAE57 /* marketwatch.json in Resources */,
				BA1DE87E220ADC5C00E3ECB3 /* OpenSans-Semibold.ttf in Resources */,
				BA9B0187220AA22B003FAE57 /* LaunchScreen.storyboard in Resources */,
				BA9B0184220AA22B003FAE57 /* Assets.xcassets in Resources */,
				BA1DE87C220ADC5700E3ECB3 /* OpenSans-Bold.ttf in Resources */,
				BA1DE87D220ADC5A00E3ECB3 /* OpenSans-Light.ttf in Resources */,
				BA9B017F220AA229003FAE57 /* Main.storyboard in Resources */,
			);
			runOnlyForDeploymentPostprocessing = 0;
		};
		BA9B018B220AA22C003FAE57 /* Resources */ = {
			isa = PBXResourcesBuildPhase;
			buildActionMask = 2147483647;
			files = (
			);
			runOnlyForDeploymentPostprocessing = 0;
		};
		BA9B0196220AA22C003FAE57 /* Resources */ = {
			isa = PBXResourcesBuildPhase;
			buildActionMask = 2147483647;
			files = (
			);
			runOnlyForDeploymentPostprocessing = 0;
		};
/* End PBXResourcesBuildPhase section */

/* Begin PBXShellScriptBuildPhase section */
		03BFF3CA68A843B3A1E08EAA /* [CP] Embed Pods Frameworks */ = {
			isa = PBXShellScriptBuildPhase;
			buildActionMask = 2147483647;
			files = (
			);
			inputFileListPaths = (
			);
			inputPaths = (
				"${SRCROOT}/Pods/Target Support Files/Pods-MarketWatch/Pods-MarketWatch-frameworks.sh",
				"${BUILT_PRODUCTS_DIR}/IQKeyboardManagerSwift/IQKeyboardManagerSwift.framework",
				"${BUILT_PRODUCTS_DIR}/Popover/Popover.framework",
			);
			name = "[CP] Embed Pods Frameworks";
			outputFileListPaths = (
			);
			outputPaths = (
				"${TARGET_BUILD_DIR}/${FRAMEWORKS_FOLDER_PATH}/IQKeyboardManagerSwift.framework",
				"${TARGET_BUILD_DIR}/${FRAMEWORKS_FOLDER_PATH}/Popover.framework",
			);
			runOnlyForDeploymentPostprocessing = 0;
			shellPath = /bin/sh;
			shellScript = "\"${SRCROOT}/Pods/Target Support Files/Pods-MarketWatch/Pods-MarketWatch-frameworks.sh\"\n";
			showEnvVarsInLog = 0;
		};
		60A481A11A54D5BB27D25A1C /* [CP] Check Pods Manifest.lock */ = {
			isa = PBXShellScriptBuildPhase;
			buildActionMask = 2147483647;
			files = (
			);
			inputFileListPaths = (
			);
			inputPaths = (
				"${PODS_PODFILE_DIR_PATH}/Podfile.lock",
				"${PODS_ROOT}/Manifest.lock",
			);
			name = "[CP] Check Pods Manifest.lock";
			outputFileListPaths = (
			);
			outputPaths = (
				"$(DERIVED_FILE_DIR)/Pods-MarketWatch-checkManifestLockResult.txt",
			);
			runOnlyForDeploymentPostprocessing = 0;
			shellPath = /bin/sh;
			shellScript = "diff \"${PODS_PODFILE_DIR_PATH}/Podfile.lock\" \"${PODS_ROOT}/Manifest.lock\" > /dev/null\nif [ $? != 0 ] ; then\n    # print error to STDERR\n    echo \"error: The sandbox is not in sync with the Podfile.lock. Run 'pod install' or update your CocoaPods installation.\" >&2\n    exit 1\nfi\n# This output is used by Xcode 'outputs' to avoid re-running this script phase.\necho \"SUCCESS\" > \"${SCRIPT_OUTPUT_FILE_0}\"\n";
			showEnvVarsInLog = 0;
		};
		60E303F8166D6FE1CD858D9F /* [CP] Check Pods Manifest.lock */ = {
			isa = PBXShellScriptBuildPhase;
			buildActionMask = 2147483647;
			files = (
			);
			inputFileListPaths = (
			);
			inputPaths = (
				"${PODS_PODFILE_DIR_PATH}/Podfile.lock",
				"${PODS_ROOT}/Manifest.lock",
			);
			name = "[CP] Check Pods Manifest.lock";
			outputFileListPaths = (
			);
			outputPaths = (
				"$(DERIVED_FILE_DIR)/Pods-MarketWatchTests-checkManifestLockResult.txt",
			);
			runOnlyForDeploymentPostprocessing = 0;
			shellPath = /bin/sh;
			shellScript = "diff \"${PODS_PODFILE_DIR_PATH}/Podfile.lock\" \"${PODS_ROOT}/Manifest.lock\" > /dev/null\nif [ $? != 0 ] ; then\n    # print error to STDERR\n    echo \"error: The sandbox is not in sync with the Podfile.lock. Run 'pod install' or update your CocoaPods installation.\" >&2\n    exit 1\nfi\n# This output is used by Xcode 'outputs' to avoid re-running this script phase.\necho \"SUCCESS\" > \"${SCRIPT_OUTPUT_FILE_0}\"\n";
			showEnvVarsInLog = 0;
		};
		ECA36B97849944EBBF0D75B9 /* [CP] Check Pods Manifest.lock */ = {
			isa = PBXShellScriptBuildPhase;
			buildActionMask = 2147483647;
			files = (
			);
			inputFileListPaths = (
			);
			inputPaths = (
				"${PODS_PODFILE_DIR_PATH}/Podfile.lock",
				"${PODS_ROOT}/Manifest.lock",
			);
			name = "[CP] Check Pods Manifest.lock";
			outputFileListPaths = (
			);
			outputPaths = (
				"$(DERIVED_FILE_DIR)/Pods-MarketWatchUITests-checkManifestLockResult.txt",
			);
			runOnlyForDeploymentPostprocessing = 0;
			shellPath = /bin/sh;
			shellScript = "diff \"${PODS_PODFILE_DIR_PATH}/Podfile.lock\" \"${PODS_ROOT}/Manifest.lock\" > /dev/null\nif [ $? != 0 ] ; then\n    # print error to STDERR\n    echo \"error: The sandbox is not in sync with the Podfile.lock. Run 'pod install' or update your CocoaPods installation.\" >&2\n    exit 1\nfi\n# This output is used by Xcode 'outputs' to avoid re-running this script phase.\necho \"SUCCESS\" > \"${SCRIPT_OUTPUT_FILE_0}\"\n";
			showEnvVarsInLog = 0;
		};
/* End PBXShellScriptBuildPhase section */

/* Begin PBXSourcesBuildPhase section */
		BA9B0172220AA229003FAE57 /* Sources */ = {
			isa = PBXSourcesBuildPhase;
			buildActionMask = 2147483647;
			files = (
				BA9B01AC220AA2BF003FAE57 /* Utilites.swift in Sources */,
				BA9B017C220AA229003FAE57 /* LoginViewController.swift in Sources */,
				BA9B01B3220AB314003FAE57 /* MarketWatchViewController.swift in Sources */,
				BA69351E220ABF3C009C0F4B /* OrdersViewController.swift in Sources */,
				BA9B0182220AA229003FAE57 /* MarketWatch.xcdatamodeld in Sources */,
				BA69351C220AB874009C0F4B /* ProfileViewController.swift in Sources */,
				BA9B01C0220B044F003FAE57 /* StockListTableVwCell.swift in Sources */,
				BA1DE86F220ADA7700E3ECB3 /* Orders+CoreDataClass.swift in Sources */,
				BA693520220AD1C4009C0F4B /* OrderTableViewCell.swift in Sources */,
				BA9B01B1220AA2FB003FAE57 /* ConstantClass.swift in Sources */,
				BA1DE870220ADA7700E3ECB3 /* Orders+CoreDataProperties.swift in Sources */,
				BA9B017A220AA229003FAE57 /* AppDelegate.swift in Sources */,
			);
			runOnlyForDeploymentPostprocessing = 0;
		};
		BA9B0189220AA22C003FAE57 /* Sources */ = {
			isa = PBXSourcesBuildPhase;
			buildActionMask = 2147483647;
			files = (
				BA9B0192220AA22C003FAE57 /* MarketWatchTests.swift in Sources */,
			);
			runOnlyForDeploymentPostprocessing = 0;
		};
		BA9B0194220AA22C003FAE57 /* Sources */ = {
			isa = PBXSourcesBuildPhase;
			buildActionMask = 2147483647;
			files = (
				BA9B019D220AA22C003FAE57 /* MarketWatchUITests.swift in Sources */,
			);
			runOnlyForDeploymentPostprocessing = 0;
		};
/* End PBXSourcesBuildPhase section */

/* Begin PBXTargetDependency section */
		BA9B018F220AA22C003FAE57 /* PBXTargetDependency */ = {
			isa = PBXTargetDependency;
			target = BA9B0175220AA229003FAE57 /* MarketWatch */;
			targetProxy = BA9B018E220AA22C003FAE57 /* PBXContainerItemProxy */;
		};
		BA9B019A220AA22C003FAE57 /* PBXTargetDependency */ = {
			isa = PBXTargetDependency;
			target = BA9B0175220AA229003FAE57 /* MarketWatch */;
			targetProxy = BA9B0199220AA22C003FAE57 /* PBXContainerItemProxy */;
		};
/* End PBXTargetDependency section */

/* Begin PBXVariantGroup section */
		BA9B017D220AA229003FAE57 /* Main.storyboard */ = {
			isa = PBXVariantGroup;
			children = (
				BA9B017E220AA229003FAE57 /* Base */,
			);
			name = Main.storyboard;
			sourceTree = "<group>";
		};
		BA9B0185220AA22B003FAE57 /* LaunchScreen.storyboard */ = {
			isa = PBXVariantGroup;
			children = (
				BA9B0186220AA22B003FAE57 /* Base */,
			);
			name = LaunchScreen.storyboard;
			sourceTree = "<group>";
		};
/* End PBXVariantGroup section */

/* Begin XCBuildConfiguration section */
		BA9B019F220AA22C003FAE57 /* Debug */ = {
			isa = XCBuildConfiguration;
			buildSettings = {
				ALWAYS_SEARCH_USER_PATHS = NO;
				CLANG_ANALYZER_NONNULL = YES;
				CLANG_ANALYZER_NUMBER_OBJECT_CONVERSION = YES_AGGRESSIVE;
				CLANG_CXX_LANGUAGE_STANDARD = "gnu++14";
				CLANG_CXX_LIBRARY = "libc++";
				CLANG_ENABLE_MODULES = YES;
				CLANG_ENABLE_OBJC_ARC = YES;
				CLANG_ENABLE_OBJC_WEAK = YES;
				CLANG_WARN_BLOCK_CAPTURE_AUTORELEASING = YES;
				CLANG_WARN_BOOL_CONVERSION = YES;
				CLANG_WARN_COMMA = YES;
				CLANG_WARN_CONSTANT_CONVERSION = YES;
				CLANG_WARN_DEPRECATED_OBJC_IMPLEMENTATIONS = YES;
				CLANG_WARN_DIRECT_OBJC_ISA_USAGE = YES_ERROR;
				CLANG_WARN_DOCUMENTATION_COMMENTS = YES;
				CLANG_WARN_EMPTY_BODY = YES;
				CLANG_WARN_ENUM_CONVERSION = YES;
				CLANG_WARN_INFINITE_RECURSION = YES;
				CLANG_WARN_INT_CONVERSION = YES;
				CLANG_WARN_NON_LITERAL_NULL_CONVERSION = YES;
				CLANG_WARN_OBJC_IMPLICIT_RETAIN_SELF = YES;
				CLANG_WARN_OBJC_LITERAL_CONVERSION = YES;
				CLANG_WARN_OBJC_ROOT_CLASS = YES_ERROR;
				CLANG_WARN_RANGE_LOOP_ANALYSIS = YES;
				CLANG_WARN_STRICT_PROTOTYPES = YES;
				CLANG_WARN_SUSPICIOUS_MOVE = YES;
				CLANG_WARN_UNGUARDED_AVAILABILITY = YES_AGGRESSIVE;
				CLANG_WARN_UNREACHABLE_CODE = YES;
				CLANG_WARN__DUPLICATE_METHOD_MATCH = YES;
				CODE_SIGN_IDENTITY = "iPhone Developer";
				COPY_PHASE_STRIP = NO;
				DEBUG_INFORMATION_FORMAT = dwarf;
				ENABLE_STRICT_OBJC_MSGSEND = YES;
				ENABLE_TESTABILITY = YES;
				GCC_C_LANGUAGE_STANDARD = gnu11;
				GCC_DYNAMIC_NO_PIC = NO;
				GCC_NO_COMMON_BLOCKS = YES;
				GCC_OPTIMIZATION_LEVEL = 0;
				GCC_PREPROCESSOR_DEFINITIONS = (
					"DEBUG=1",
					"$(inherited)",
				);
				GCC_WARN_64_TO_32_BIT_CONVERSION = YES;
				GCC_WARN_ABOUT_RETURN_TYPE = YES_ERROR;
				GCC_WARN_UNDECLARED_SELECTOR = YES;
				GCC_WARN_UNINITIALIZED_AUTOS = YES_AGGRESSIVE;
				GCC_WARN_UNUSED_FUNCTION = YES;
				GCC_WARN_UNUSED_VARIABLE = YES;
				IPHONEOS_DEPLOYMENT_TARGET = 12.1;
				MTL_ENABLE_DEBUG_INFO = INCLUDE_SOURCE;
				MTL_FAST_MATH = YES;
				ONLY_ACTIVE_ARCH = YES;
				SDKROOT = iphoneos;
				SWIFT_ACTIVE_COMPILATION_CONDITIONS = DEBUG;
				SWIFT_OPTIMIZATION_LEVEL = "-Onone";
			};
			name = Debug;
		};
		BA9B01A0220AA22C003FAE57 /* Release */ = {
			isa = XCBuildConfiguration;
			buildSettings = {
				ALWAYS_SEARCH_USER_PATHS = NO;
				CLANG_ANALYZER_NONNULL = YES;
				CLANG_ANALYZER_NUMBER_OBJECT_CONVERSION = YES_AGGRESSIVE;
				CLANG_CXX_LANGUAGE_STANDARD = "gnu++14";
				CLANG_CXX_LIBRARY = "libc++";
				CLANG_ENABLE_MODULES = YES;
				CLANG_ENABLE_OBJC_ARC = YES;
				CLANG_ENABLE_OBJC_WEAK = YES;
				CLANG_WARN_BLOCK_CAPTURE_AUTORELEASING = YES;
				CLANG_WARN_BOOL_CONVERSION = YES;
				CLANG_WARN_COMMA = YES;
				CLANG_WARN_CONSTANT_CONVERSION = YES;
				CLANG_WARN_DEPRECATED_OBJC_IMPLEMENTATIONS = YES;
				CLANG_WARN_DIRECT_OBJC_ISA_USAGE = YES_ERROR;
				CLANG_WARN_DOCUMENTATION_COMMENTS = YES;
				CLANG_WARN_EMPTY_BODY = YES;
				CLANG_WARN_ENUM_CONVERSION = YES;
				CLANG_WARN_INFINITE_RECURSION = YES;
				CLANG_WARN_INT_CONVERSION = YES;
				CLANG_WARN_NON_LITERAL_NULL_CONVERSION = YES;
				CLANG_WARN_OBJC_IMPLICIT_RETAIN_SELF = YES;
				CLANG_WARN_OBJC_LITERAL_CONVERSION = YES;
				CLANG_WARN_OBJC_ROOT_CLASS = YES_ERROR;
				CLANG_WARN_RANGE_LOOP_ANALYSIS = YES;
				CLANG_WARN_STRICT_PROTOTYPES = YES;
				CLANG_WARN_SUSPICIOUS_MOVE = YES;
				CLANG_WARN_UNGUARDED_AVAILABILITY = YES_AGGRESSIVE;
				CLANG_WARN_UNREACHABLE_CODE = YES;
				CLANG_WARN__DUPLICATE_METHOD_MATCH = YES;
				CODE_SIGN_IDENTITY = "iPhone Developer";
				COPY_PHASE_STRIP = NO;
				DEBUG_INFORMATION_FORMAT = "dwarf-with-dsym";
				ENABLE_NS_ASSERTIONS = NO;
				ENABLE_STRICT_OBJC_MSGSEND = YES;
				GCC_C_LANGUAGE_STANDARD = gnu11;
				GCC_NO_COMMON_BLOCKS = YES;
				GCC_WARN_64_TO_32_BIT_CONVERSION = YES;
				GCC_WARN_ABOUT_RETURN_TYPE = YES_ERROR;
				GCC_WARN_UNDECLARED_SELECTOR = YES;
				GCC_WARN_UNINITIALIZED_AUTOS = YES_AGGRESSIVE;
				GCC_WARN_UNUSED_FUNCTION = YES;
				GCC_WARN_UNUSED_VARIABLE = YES;
				IPHONEOS_DEPLOYMENT_TARGET = 12.1;
				MTL_ENABLE_DEBUG_INFO = NO;
				MTL_FAST_MATH = YES;
				SDKROOT = iphoneos;
				SWIFT_COMPILATION_MODE = wholemodule;
				SWIFT_OPTIMIZATION_LEVEL = "-O";
				VALIDATE_PRODUCT = YES;
			};
			name = Release;
		};
		BA9B01A2220AA22C003FAE57 /* Debug */ = {
			isa = XCBuildConfiguration;
			baseConfigurationReference = 40FE92ED586E9605F35C4CD5 /* Pods-MarketWatch.debug.xcconfig */;
			buildSettings = {
				ASSETCATALOG_COMPILER_APPICON_NAME = AppIcon;
				CODE_SIGN_STYLE = Automatic;
				DEVELOPMENT_TEAM = U4J6JN3H9Z;
				INFOPLIST_FILE = MarketWatch/Info.plist;
				IPHONEOS_DEPLOYMENT_TARGET = 11.0;
				LD_RUNPATH_SEARCH_PATHS = (
					"$(inherited)",
					"@executable_path/Frameworks",
				);
				PRODUCT_BUNDLE_IDENTIFIER = "Nunc-Systems.MarketWatch";
				PRODUCT_NAME = "$(TARGET_NAME)";
				SWIFT_VERSION = 4.2;
				TARGETED_DEVICE_FAMILY = "1,2";
			};
			name = Debug;
		};
		BA9B01A3220AA22C003FAE57 /* Release */ = {
			isa = XCBuildConfiguration;
			baseConfigurationReference = 426453E87FFDA7AF2C92557D /* Pods-MarketWatch.release.xcconfig */;
			buildSettings = {
				ASSETCATALOG_COMPILER_APPICON_NAME = AppIcon;
				CODE_SIGN_STYLE = Automatic;
				DEVELOPMENT_TEAM = U4J6JN3H9Z;
				INFOPLIST_FILE = MarketWatch/Info.plist;
				IPHONEOS_DEPLOYMENT_TARGET = 11.0;
				LD_RUNPATH_SEARCH_PATHS = (
					"$(inherited)",
					"@executable_path/Frameworks",
				);
				PRODUCT_BUNDLE_IDENTIFIER = "Nunc-Systems.MarketWatch";
				PRODUCT_NAME = "$(TARGET_NAME)";
				SWIFT_VERSION = 4.2;
				TARGETED_DEVICE_FAMILY = "1,2";
			};
			name = Release;
		};
		BA9B01A5220AA22C003FAE57 /* Debug */ = {
			isa = XCBuildConfiguration;
			baseConfigurationReference = 35A4E7AA7681B5357721643A /* Pods-MarketWatchTests.debug.xcconfig */;
			buildSettings = {
				ALWAYS_EMBED_SWIFT_STANDARD_LIBRARIES = YES;
				BUNDLE_LOADER = "$(TEST_HOST)";
				CODE_SIGN_STYLE = Automatic;
				INFOPLIST_FILE = MarketWatchTests/Info.plist;
				LD_RUNPATH_SEARCH_PATHS = (
					"$(inherited)",
					"@executable_path/Frameworks",
					"@loader_path/Frameworks",
				);
				PRODUCT_BUNDLE_IDENTIFIER = "Nunc-Systems.MarketWatchTests";
				PRODUCT_NAME = "$(TARGET_NAME)";
				SWIFT_VERSION = 4.2;
				TARGETED_DEVICE_FAMILY = "1,2";
				TEST_HOST = "$(BUILT_PRODUCTS_DIR)/MarketWatch.app/MarketWatch";
			};
			name = Debug;
		};
		BA9B01A6220AA22C003FAE57 /* Release */ = {
			isa = XCBuildConfiguration;
			baseConfigurationReference = 13AFEF34627E868D5D1D8604 /* Pods-MarketWatchTests.release.xcconfig */;
			buildSettings = {
				ALWAYS_EMBED_SWIFT_STANDARD_LIBRARIES = YES;
				BUNDLE_LOADER = "$(TEST_HOST)";
				CODE_SIGN_STYLE = Automatic;
				INFOPLIST_FILE = MarketWatchTests/Info.plist;
				LD_RUNPATH_SEARCH_PATHS = (
					"$(inherited)",
					"@executable_path/Frameworks",
					"@loader_path/Frameworks",
				);
				PRODUCT_BUNDLE_IDENTIFIER = "Nunc-Systems.MarketWatchTests";
				PRODUCT_NAME = "$(TARGET_NAME)";
				SWIFT_VERSION = 4.2;
				TARGETED_DEVICE_FAMILY = "1,2";
				TEST_HOST = "$(BUILT_PRODUCTS_DIR)/MarketWatch.app/MarketWatch";
			};
			name = Release;
		};
		BA9B01A8220AA22C003FAE57 /* Debug */ = {
			isa = XCBuildConfiguration;
			baseConfigurationReference = 24E3F68D0E7ABBABB667B1C5 /* Pods-MarketWatchUITests.debug.xcconfig */;
			buildSettings = {
				ALWAYS_EMBED_SWIFT_STANDARD_LIBRARIES = YES;
				CODE_SIGN_STYLE = Automatic;
				INFOPLIST_FILE = MarketWatchUITests/Info.plist;
				LD_RUNPATH_SEARCH_PATHS = (
					"$(inherited)",
					"@executable_path/Frameworks",
					"@loader_path/Frameworks",
				);
				PRODUCT_BUNDLE_IDENTIFIER = "Nunc-Systems.MarketWatchUITests";
				PRODUCT_NAME = "$(TARGET_NAME)";
				SWIFT_VERSION = 4.2;
				TARGETED_DEVICE_FAMILY = "1,2";
				TEST_TARGET_NAME = MarketWatch;
			};
			name = Debug;
		};
		BA9B01A9220AA22C003FAE57 /* Release */ = {
			isa = XCBuildConfiguration;
			baseConfigurationReference = 6537CB14FB6F712BE764C141 /* Pods-MarketWatchUITests.release.xcconfig */;
			buildSettings = {
				ALWAYS_EMBED_SWIFT_STANDARD_LIBRARIES = YES;
				CODE_SIGN_STYLE = Automatic;
				INFOPLIST_FILE = MarketWatchUITests/Info.plist;
				LD_RUNPATH_SEARCH_PATHS = (
					"$(inherited)",
					"@executable_path/Frameworks",
					"@loader_path/Frameworks",
				);
				PRODUCT_BUNDLE_IDENTIFIER = "Nunc-Systems.MarketWatchUITests";
				PRODUCT_NAME = "$(TARGET_NAME)";
				SWIFT_VERSION = 4.2;
				TARGETED_DEVICE_FAMILY = "1,2";
				TEST_TARGET_NAME = MarketWatch;
			};
			name = Release;
		};
/* End XCBuildConfiguration section */

/* Begin XCConfigurationList section */
		BA9B0171220AA229003FAE57 /* Build configuration list for PBXProject "MarketWatch" */ = {
			isa = XCConfigurationList;
			buildConfigurations = (
				BA9B019F220AA22C003FAE57 /* Debug */,
				BA9B01A0220AA22C003FAE57 /* Release */,
			);
			defaultConfigurationIsVisible = 0;
			defaultConfigurationName = Release;
		};
		BA9B01A1220AA22C003FAE57 /* Build configuration list for PBXNativeTarget "MarketWatch" */ = {
			isa = XCConfigurationList;
			buildConfigurations = (
				BA9B01A2220AA22C003FAE57 /* Debug */,
				BA9B01A3220AA22C003FAE57 /* Release */,
			);
			defaultConfigurationIsVisible = 0;
			defaultConfigurationName = Release;
		};
		BA9B01A4220AA22C003FAE57 /* Build configuration list for PBXNativeTarget "MarketWatchTests" */ = {
			isa = XCConfigurationList;
			buildConfigurations = (
				BA9B01A5220AA22C003FAE57 /* Debug */,
				BA9B01A6220AA22C003FAE57 /* Release */,
			);
			defaultConfigurationIsVisible = 0;
			defaultConfigurationName = Release;
		};
		BA9B01A7220AA22C003FAE57 /* Build configuration list for PBXNativeTarget "MarketWatchUITests" */ = {
			isa = XCConfigurationList;
			buildConfigurations = (
				BA9B01A8220AA22C003FAE57 /* Debug */,
				BA9B01A9220AA22C003FAE57 /* Release */,
			);
			defaultConfigurationIsVisible = 0;
			defaultConfigurationName = Release;
		};
/* End XCConfigurationList section */

/* Begin XCVersionGroup section */
		BA9B0180220AA229003FAE57 /* MarketWatch.xcdatamodeld */ = {
			isa = XCVersionGroup;
			children = (
				BA9B0181220AA229003FAE57 /* MarketWatch.xcdatamodel */,
			);
			currentVersion = BA9B0181220AA229003FAE57 /* MarketWatch.xcdatamodel */;
			path = MarketWatch.xcdatamodeld;
			sourceTree = "<group>";
			versionGroupType = wrapper.xcdatamodel;
		};
/* End XCVersionGroup section */
	};
	rootObject = BA9B016E220AA229003FAE57 /* Project object */;
}
